
Microsoft Visual Studio Solution File, Format Version 12.00
# Visual Studio Version 16
VisualStudioVersion = 16.0.31702.278
MinimumVisualStudioVersion = 10.0.40219.1
Project("{8BC9CEB8-8B4A-11D0-8D11-00A0C91BC942}") = "MathProblems", "MathProblems.vcxproj", "{B25636DC-74C5-4C0A-B26F-9231149C1FEC}"
EndProject
Global
	GlobalSection(SolutionConfigurationPlatforms) = preSolution
		Debug|x64 = Debug|x64
		Debug|x86 = Debug|x86
		Release|x64 = Release|x64
		Release|x86 = Release|x86
	EndGlobalSection
	GlobalSection(ProjectConfigurationPlatforms) = postSolution
		{B25636DC-74C5-4C0A-B26F-9231149C1FEC}.Debug|x64.ActiveCfg = Debug|x64
		{B25636DC-74C5-4C0A-B26F-9231149C1FEC}.Debug|x64.Build.0 = Debug|x64
		{B25636DC-74C5-4C0A-B26F-9231149C1FEC}.Debug|x86.ActiveCfg = Debug|Win32
		{B25636DC-74C5-4C0A-B26F-9231149C1FEC}.Debug|x86.Build.0 = Debug|Win32
		{B25636DC-74C5-4C0A-B26F-9231149C1FEC}.Release|x64.ActiveCfg = Release|x64
		{B25636DC-74C5-4C0A-B26F-9231149C1FEC}.Release|x64.Build.0 = Release|x64
		{B25636DC-74C5-4C0A-B26F-9231149C1FEC}.Release|x86.ActiveCfg = Release|Win32
		{B25636DC-74C5-4C0A-B26F-9231149C1FEC}.Release|x86.Build.0 = Release|Win32
	EndGlobalSection
	GlobalSection(SolutionProperties) = preSolution
		HideSolutionNode = FALSE
	EndGlobalSection
	GlobalSection(ExtensibilityGlobals) = postSolution
		SolutionGuid = {D67E6356-30B2-4B29-AAE4-3D4B9CD551BF}
	EndGlobalSection
EndGlobal
